
Microsoft Visual Studio Solution File, Format Version 12.00
# Visual Studio Version 17
VisualStudioVersion = 17.9.34714.143
MinimumVisualStudioVersion = 10.0.40219.1
Project("{8BC9CEB8-8B4A-11D0-8D11-00A0C91BC942}") = "20240520", "20240520.vcxproj", "{E742A13A-C264-4272-93DE-D4B23B45093C}"
EndProject
Global
	GlobalSection(SolutionConfigurationPlatforms) = preSolution
		Debug|x64 = Debug|x64
		Debug|x86 = Debug|x86
		Release|x64 = Release|x64
		Release|x86 = Release|x86
	EndGlobalSection
	GlobalSection(ProjectConfigurationPlatforms) = postSolution
		{E742A13A-C264-4272-93DE-D4B23B45093C}.Debug|x64.ActiveCfg = Debug|x64
		{E742A13A-C264-4272-93DE-D4B23B45093C}.Debug|x64.Build.0 = Debug|x64
		{E742A13A-C264-4272-93DE-D4B23B45093C}.Debug|x86.ActiveCfg = Debug|Win32
		{E742A13A-C264-4272-93DE-D4B23B45093C}.Debug|x86.Build.0 = Debug|Win32
		{E742A13A-C264-4272-93DE-D4B23B45093C}.Release|x64.ActiveCfg = Release|x64
		{E742A13A-C264-4272-93DE-D4B23B45093C}.Release|x64.Build.0 = Release|x64
		{E742A13A-C264-4272-93DE-D4B23B45093C}.Release|x86.ActiveCfg = Release|Win32
		{E742A13A-C264-4272-93DE-D4B23B45093C}.Release|x86.Build.0 = Release|Win32
	EndGlobalSection
	GlobalSection(SolutionProperties) = preSolution
		HideSolutionNode = FALSE
	EndGlobalSection
	GlobalSection(ExtensibilityGlobals) = postSolution
		SolutionGuid = {B8D5ED03-32C3-45E0-9A0E-D99AD4F9AF6C}
	EndGlobalSection
EndGlobal
